
Microsoft Visual Studio Solution File, Format Version 12.00
# Visual Studio 14
VisualStudioVersion = 14.0.25420.1
MinimumVisualStudioVersion = 10.0.40219.1
Project("{D954291E-2A0B-460D-934E-DC6B0785DB48}") = "DemoAndroidBasicAuth", "DemoAndroidBasicAuth\DemoAndroidBasicAuth\DemoAndroidBasicAuth.shproj", "{A56DFC7E-A31A-4F5F-802D-65872122E1C6}"
EndProject
Project("{FAE04EC0-301F-11D3-BF4B-00C04F79EFBC}") = "DemoAndroidBasicAuth.Droid", "DemoAndroidBasicAuth\DemoAndroidBasicAuth.Droid\DemoAndroidBasicAuth.Droid.csproj", "{4E5AFC03-3F2C-44A9-9E89-6FD2420823C8}"
EndProject
Project("{FAE04EC0-301F-11D3-BF4B-00C04F79EFBC}") = "DemoAndroidBasicAuth.iOS", "DemoAndroidBasicAuth\DemoAndroidBasicAuth.iOS\DemoAndroidBasicAuth.iOS.csproj", "{683CD21F-5BF8-455D-B5C4-6E6A708244CA}"
EndProject
Project("{FAE04EC0-301F-11D3-BF4B-00C04F79EFBC}") = "DemoAndroidBasicAuth.WinPhone", "DemoAndroidBasicAuth\DemoAndroidBasicAuth.WinPhone\DemoAndroidBasicAuth.WinPhone.csproj", "{D72DB7F3-A745-4DA2-8BE1-E8EB7E09C8AA}"
EndProject
Project("{FAE04EC0-301F-11D3-BF4B-00C04F79EFBC}") = "DemoAndroidBasicAuth.UWP", "DemoAndroidBasicAuth\DemoAndroidBasicAuth.UWP\DemoAndroidBasicAuth.UWP.csproj", "{2DED9958-A2BA-48EA-B795-0B2F6E37DDDB}"
EndProject
Project("{FAE04EC0-301F-11D3-BF4B-00C04F79EFBC}") = "DemoAndroidBasicAuth.Windows", "DemoAndroidBasicAuth\DemoAndroidBasicAuth.Windows\DemoAndroidBasicAuth.Windows.csproj", "{F4F68553-221A-4EAD-9FE2-F3CBA8D936EE}"
EndProject
Global
	GlobalSection(SharedMSBuildProjectFiles) = preSolution
		DemoAndroidBasicAuth\DemoAndroidBasicAuth\DemoAndroidBasicAuth.projitems*{2ded9958-a2ba-48ea-b795-0b2f6e37dddb}*SharedItemsImports = 4
		DemoAndroidBasicAuth\DemoAndroidBasicAuth\DemoAndroidBasicAuth.projitems*{4e5afc03-3f2c-44a9-9e89-6fd2420823c8}*SharedItemsImports = 4
		DemoAndroidBasicAuth\DemoAndroidBasicAuth\DemoAndroidBasicAuth.projitems*{683cd21f-5bf8-455d-b5c4-6e6a708244ca}*SharedItemsImports = 4
		DemoAndroidBasicAuth\DemoAndroidBasicAuth\DemoAndroidBasicAuth.projitems*{a56dfc7e-a31a-4f5f-802d-65872122e1c6}*SharedItemsImports = 13
		DemoAndroidBasicAuth\DemoAndroidBasicAuth\DemoAndroidBasicAuth.projitems*{d72db7f3-a745-4da2-8be1-e8eb7e09c8aa}*SharedItemsImports = 4
		DemoAndroidBasicAuth\DemoAndroidBasicAuth\DemoAndroidBasicAuth.projitems*{f4f68553-221a-4ead-9fe2-f3cba8d936ee}*SharedItemsImports = 4
	EndGlobalSection
	GlobalSection(SolutionConfigurationPlatforms) = preSolution
		Ad-Hoc|Any CPU = Ad-Hoc|Any CPU
		Ad-Hoc|ARM = Ad-Hoc|ARM
		Ad-Hoc|iPhone = Ad-Hoc|iPhone
		Ad-Hoc|iPhoneSimulator = Ad-Hoc|iPhoneSimulator
		Ad-Hoc|x64 = Ad-Hoc|x64
		Ad-Hoc|x86 = Ad-Hoc|x86
		AppStore|Any CPU = AppStore|Any CPU
		AppStore|ARM = AppStore|ARM
		AppStore|iPhone = AppStore|iPhone
		AppStore|iPhoneSimulator = AppStore|iPhoneSimulator
		AppStore|x64 = AppStore|x64
		AppStore|x86 = AppStore|x86
		Debug|Any CPU = Debug|Any CPU
		Debug|ARM = Debug|ARM
		Debug|iPhone = Debug|iPhone
		Debug|iPhoneSimulator = Debug|iPhoneSimulator
		Debug|x64 = Debug|x64
		Debug|x86 = Debug|x86
		Release|Any CPU = Release|Any CPU
		Release|ARM = Release|ARM
		Release|iPhone = Release|iPhone
		Release|iPhoneSimulator = Release|iPhoneSimulator
		Release|x64 = Release|x64
		Release|x86 = Release|x86
	EndGlobalSection
	GlobalSection(ProjectConfigurationPlatforms) = postSolution
		{4E5AFC03-3F2C-44A9-9E89-6FD2420823C8}.Ad-Hoc|Any CPU.ActiveCfg = Release|Any CPU
		{4E5AFC03-3F2C-44A9-9E89-6FD2420823C8}.Ad-Hoc|Any CPU.Build.0 = Release|Any CPU
		{4E5AFC03-3F2C-44A9-9E89-6FD2420823C8}.Ad-Hoc|Any CPU.Deploy.0 = Release|Any CPU
		{4E5AFC03-3F2C-44A9-9E89-6FD2420823C8}.Ad-Hoc|ARM.ActiveCfg = Release|Any CPU
		{4E5AFC03-3F2C-44A9-9E89-6FD2420823C8}.Ad-Hoc|ARM.Build.0 = Release|Any CPU
		{4E5AFC03-3F2C-44A9-9E89-6FD2420823C8}.Ad-Hoc|ARM.Deploy.0 = Release|Any CPU
		{4E5AFC03-3F2C-44A9-9E89-6FD2420823C8}.Ad-Hoc|iPhone.ActiveCfg = Release|Any CPU
		{4E5AFC03-3F2C-44A9-9E89-6FD2420823C8}.Ad-Hoc|iPhone.Build.0 = Release|Any CPU
		{4E5AFC03-3F2C-44A9-9E89-6FD2420823C8}.Ad-Hoc|iPhone.Deploy.0 = Release|Any CPU
		{4E5AFC03-3F2C-44A9-9E89-6FD2420823C8}.Ad-Hoc|iPhoneSimulator.ActiveCfg = Release|Any CPU
		{4E5AFC03-3F2C-44A9-9E89-6FD2420823C8}.Ad-Hoc|iPhoneSimulator.Build.0 = Release|Any CPU
		{4E5AFC03-3F2C-44A9-9E89-6FD2420823C8}.Ad-Hoc|iPhoneSimulator.Deploy.0 = Release|Any CPU
		{4E5AFC03-3F2C-44A9-9E89-6FD2420823C8}.Ad-Hoc|x64.ActiveCfg = Release|Any CPU
		{4E5AFC03-3F2C-44A9-9E89-6FD2420823C8}.Ad-Hoc|x64.Build.0 = Release|Any CPU
		{4E5AFC03-3F2C-44A9-9E89-6FD2420823C8}.Ad-Hoc|x64.Deploy.0 = Release|Any CPU
		{4E5AFC03-3F2C-44A9-9E89-6FD2420823C8}.Ad-Hoc|x86.ActiveCfg = Release|Any CPU
		{4E5AFC03-3F2C-44A9-9E89-6FD2420823C8}.Ad-Hoc|x86.Build.0 = Release|Any CPU
		{4E5AFC03-3F2C-44A9-9E89-6FD2420823C8}.Ad-Hoc|x86.Deploy.0 = Release|Any CPU
		{4E5AFC03-3F2C-44A9-9E89-6FD2420823C8}.AppStore|Any CPU.ActiveCfg = Release|Any CPU
		{4E5AFC03-3F2C-44A9-9E89-6FD2420823C8}.AppStore|Any CPU.Build.0 = Release|Any CPU
		{4E5AFC03-3F2C-44A9-9E89-6FD2420823C8}.AppStore|Any CPU.Deploy.0 = Release|Any CPU
		{4E5AFC03-3F2C-44A9-9E89-6FD2420823C8}.AppStore|ARM.ActiveCfg = Release|Any CPU
		{4E5AFC03-3F2C-44A9-9E89-6FD2420823C8}.AppStore|ARM.Build.0 = Release|Any CPU
		{4E5AFC03-3F2C-44A9-9E89-6FD2420823C8}.AppStore|ARM.Deploy.0 = Release|Any CPU
		{4E5AFC03-3F2C-44A9-9E89-6FD2420823C8}.AppStore|iPhone.ActiveCfg = Release|Any CPU
		{4E5AFC03-3F2C-44A9-9E89-6FD2420823C8}.AppStore|iPhone.Build.0 = Release|Any CPU
		{4E5AFC03-3F2C-44A9-9E89-6FD2420823C8}.AppStore|iPhone.Deploy.0 = Release|Any CPU
		{4E5AFC03-3F2C-44A9-9E89-6FD2420823C8}.AppStore|iPhoneSimulator.ActiveCfg = Release|Any CPU
		{4E5AFC03-3F2C-44A9-9E89-6FD2420823C8}.AppStore|iPhoneSimulator.Build.0 = Release|Any CPU
		{4E5AFC03-3F2C-44A9-9E89-6FD2420823C8}.AppStore|iPhoneSimulator.Deploy.0 = Release|Any CPU
		{4E5AFC03-3F2C-44A9-9E89-6FD2420823C8}.AppStore|x64.ActiveCfg = Release|Any CPU
		{4E5AFC03-3F2C-44A9-9E89-6FD2420823C8}.AppStore|x64.Build.0 = Release|Any CPU
		{4E5AFC03-3F2C-44A9-9E89-6FD2420823C8}.AppStore|x64.Deploy.0 = Release|Any CPU
		{4E5AFC03-3F2C-44A9-9E89-6FD2420823C8}.AppStore|x86.ActiveCfg = Release|Any CPU
		{4E5AFC03-3F2C-44A9-9E89-6FD2420823C8}.AppStore|x86.Build.0 = Release|Any CPU
		{4E5AFC03-3F2C-44A9-9E89-6FD2420823C8}.AppStore|x86.Deploy.0 = Release|Any CPU
		{4E5AFC03-3F2C-44A9-9E89-6FD2420823C8}.Debug|Any CPU.ActiveCfg = Debug|Any CPU
		{4E5AFC03-3F2C-44A9-9E89-6FD2420823C8}.Debug|Any CPU.Build.0 = Debug|Any CPU
		{4E5AFC03-3F2C-44A9-9E89-6FD2420823C8}.Debug|Any CPU.Deploy.0 = Debug|Any CPU
		{4E5AFC03-3F2C-44A9-9E89-6FD2420823C8}.Debug|ARM.ActiveCfg = Debug|Any CPU
		{4E5AFC03-3F2C-44A9-9E89-6FD2420823C8}.Debug|ARM.Build.0 = Debug|Any CPU
		{4E5AFC03-3F2C-44A9-9E89-6FD2420823C8}.Debug|ARM.Deploy.0 = Debug|Any CPU
		{4E5AFC03-3F2C-44A9-9E89-6FD2420823C8}.Debug|iPhone.ActiveCfg = Debug|Any CPU
		{4E5AFC03-3F2C-44A9-9E89-6FD2420823C8}.Debug|iPhone.Build.0 = Debug|Any CPU
		{4E5AFC03-3F2C-44A9-9E89-6FD2420823C8}.Debug|iPhone.Deploy.0 = Debug|Any CPU
		{4E5AFC03-3F2C-44A9-9E89-6FD2420823C8}.Debug|iPhoneSimulator.ActiveCfg = Debug|Any CPU
		{4E5AFC03-3F2C-44A9-9E89-6FD2420823C8}.Debug|iPhoneSimulator.Build.0 = Debug|Any CPU
		{4E5AFC03-3F2C-44A9-9E89-6FD2420823C8}.Debug|iPhoneSimulator.Deploy.0 = Debug|Any CPU
		{4E5AFC03-3F2C-44A9-9E89-6FD2420823C8}.Debug|x64.ActiveCfg = Debug|Any CPU
		{4E5AFC03-3F2C-44A9-9E89-6FD2420823C8}.Debug|x64.Build.0 = Debug|Any CPU
		{4E5AFC03-3F2C-44A9-9E89-6FD2420823C8}.Debug|x64.Deploy.0 = Debug|Any CPU
		{4E5AFC03-3F2C-44A9-9E89-6FD2420823C8}.Debug|x86.ActiveCfg = Debug|Any CPU
		{4E5AFC03-3F2C-44A9-9E89-6FD2420823C8}.Debug|x86.Build.0 = Debug|Any CPU
		{4E5AFC03-3F2C-44A9-9E89-6FD2420823C8}.Debug|x86.Deploy.0 = Debug|Any CPU
		{4E5AFC03-3F2C-44A9-9E89-6FD2420823C8}.Release|Any CPU.ActiveCfg = Release|Any CPU
		{4E5AFC03-3F2C-44A9-9E89-6FD2420823C8}.Release|Any CPU.Build.0 = Release|Any CPU
		{4E5AFC03-3F2C-44A9-9E89-6FD2420823C8}.Release|Any CPU.Deploy.0 = Release|Any CPU
		{4E5AFC03-3F2C-44A9-9E89-6FD2420823C8}.Release|ARM.ActiveCfg = Release|Any CPU
		{4E5AFC03-3F2C-44A9-9E89-6FD2420823C8}.Release|ARM.Build.0 = Release|Any CPU
		{4E5AFC03-3F2C-44A9-9E89-6FD2420823C8}.Release|ARM.Deploy.0 = Release|Any CPU
		{4E5AFC03-3F2C-44A9-9E89-6FD2420823C8}.Release|iPhone.ActiveCfg = Release|Any CPU
		{4E5AFC03-3F2C-44A9-9E89-6FD2420823C8}.Release|iPhone.Build.0 = Release|Any CPU
		{4E5AFC03-3F2C-44A9-9E89-6FD2420823C8}.Release|iPhone.Deploy.0 = Release|Any CPU
		{4E5AFC03-3F2C-44A9-9E89-6FD2420823C8}.Release|iPhoneSimulator.ActiveCfg = Release|Any CPU
		{4E5AFC03-3F2C-44A9-9E89-6FD2420823C8}.Release|iPhoneSimulator.Build.0 = Release|Any CPU
		{4E5AFC03-3F2C-44A9-9E89-6FD2420823C8}.Release|iPhoneSimulator.Deploy.0 = Release|Any CPU
		{4E5AFC03-3F2C-44A9-9E89-6FD2420823C8}.Release|x64.ActiveCfg = Release|Any CPU
		{4E5AFC03-3F2C-44A9-9E89-6FD2420823C8}.Release|x64.Build.0 = Release|Any CPU
		{4E5AFC03-3F2C-44A9-9E89-6FD2420823C8}.Release|x64.Deploy.0 = Release|Any CPU
		{4E5AFC03-3F2C-44A9-9E89-6FD2420823C8}.Release|x86.ActiveCfg = Release|Any CPU
		{4E5AFC03-3F2C-44A9-9E89-6FD2420823C8}.Release|x86.Build.0 = Release|Any CPU
		{4E5AFC03-3F2C-44A9-9E89-6FD2420823C8}.Release|x86.Deploy.0 = Release|Any CPU
		{683CD21F-5BF8-455D-B5C4-6E6A708244CA}.Ad-Hoc|Any CPU.ActiveCfg = Ad-Hoc|iPhone
		{683CD21F-5BF8-455D-B5C4-6E6A708244CA}.Ad-Hoc|ARM.ActiveCfg = Ad-Hoc|iPhone
		{683CD21F-5BF8-455D-B5C4-6E6A708244CA}.Ad-Hoc|iPhone.ActiveCfg = Ad-Hoc|iPhone
		{683CD21F-5BF8-455D-B5C4-6E6A708244CA}.Ad-Hoc|iPhone.Build.0 = Ad-Hoc|iPhone
		{683CD21F-5BF8-455D-B5C4-6E6A708244CA}.Ad-Hoc|iPhoneSimulator.ActiveCfg = Ad-Hoc|iPhoneSimulator
		{683CD21F-5BF8-455D-B5C4-6E6A708244CA}.Ad-Hoc|iPhoneSimulator.Build.0 = Ad-Hoc|iPhoneSimulator
		{683CD21F-5BF8-455D-B5C4-6E6A708244CA}.Ad-Hoc|x64.ActiveCfg = Ad-Hoc|iPhone
		{683CD21F-5BF8-455D-B5C4-6E6A708244CA}.Ad-Hoc|x86.ActiveCfg = Ad-Hoc|iPhone
		{683CD21F-5BF8-455D-B5C4-6E6A708244CA}.AppStore|Any CPU.ActiveCfg = AppStore|iPhone
		{683CD21F-5BF8-455D-B5C4-6E6A708244CA}.AppStore|ARM.ActiveCfg = AppStore|iPhone
		{683CD21F-5BF8-455D-B5C4-6E6A708244CA}.AppStore|iPhone.ActiveCfg = AppStore|iPhone
		{683CD21F-5BF8-455D-B5C4-6E6A708244CA}.AppStore|iPhone.Build.0 = AppStore|iPhone
		{683CD21F-5BF8-455D-B5C4-6E6A708244CA}.AppStore|iPhoneSimulator.ActiveCfg = AppStore|iPhoneSimulator
		{683CD21F-5BF8-455D-B5C4-6E6A708244CA}.AppStore|iPhoneSimulator.Build.0 = AppStore|iPhoneSimulator
		{683CD21F-5BF8-455D-B5C4-6E6A708244CA}.AppStore|x64.ActiveCfg = AppStore|iPhone
		{683CD21F-5BF8-455D-B5C4-6E6A708244CA}.AppStore|x86.ActiveCfg = AppStore|iPhone
		{683CD21F-5BF8-455D-B5C4-6E6A708244CA}.Debug|Any CPU.ActiveCfg = Debug|iPhone
		{683CD21F-5BF8-455D-B5C4-6E6A708244CA}.Debug|ARM.ActiveCfg = Debug|iPhone
		{683CD21F-5BF8-455D-B5C4-6E6A708244CA}.Debug|iPhone.ActiveCfg = Debug|iPhone
		{683CD21F-5BF8-455D-B5C4-6E6A708244CA}.Debug|iPhone.Build.0 = Debug|iPhone
		{683CD21F-5BF8-455D-B5C4-6E6A708244CA}.Debug|iPhoneSimulator.ActiveCfg = Debug|iPhoneSimulator
		{683CD21F-5BF8-455D-B5C4-6E6A708244CA}.Debug|iPhoneSimulator.Build.0 = Debug|iPhoneSimulator
		{683CD21F-5BF8-455D-B5C4-6E6A708244CA}.Debug|x64.ActiveCfg = Debug|iPhone
		{683CD21F-5BF8-455D-B5C4-6E6A708244CA}.Debug|x86.ActiveCfg = Debug|iPhone
		{683CD21F-5BF8-455D-B5C4-6E6A708244CA}.Release|Any CPU.ActiveCfg = Release|iPhone
		{683CD21F-5BF8-455D-B5C4-6E6A708244CA}.Release|ARM.ActiveCfg = Release|iPhone
		{683CD21F-5BF8-455D-B5C4-6E6A708244CA}.Release|iPhone.ActiveCfg = Release|iPhone
		{683CD21F-5BF8-455D-B5C4-6E6A708244CA}.Release|iPhone.Build.0 = Release|iPhone
		{683CD21F-5BF8-455D-B5C4-6E6A708244CA}.Release|iPhoneSimulator.ActiveCfg = Release|iPhoneSimulator
		{683CD21F-5BF8-455D-B5C4-6E6A708244CA}.Release|iPhoneSimulator.Build.0 = Release|iPhoneSimulator
		{683CD21F-5BF8-455D-B5C4-6E6A708244CA}.Release|x64.ActiveCfg = Release|iPhone
		{683CD21F-5BF8-455D-B5C4-6E6A708244CA}.Release|x86.ActiveCfg = Release|iPhone
		{D72DB7F3-A745-4DA2-8BE1-E8EB7E09C8AA}.Ad-Hoc|Any CPU.ActiveCfg = Release|Any CPU
		{D72DB7F3-A745-4DA2-8BE1-E8EB7E09C8AA}.Ad-Hoc|Any CPU.Build.0 = Release|Any CPU
		{D72DB7F3-A745-4DA2-8BE1-E8EB7E09C8AA}.Ad-Hoc|Any CPU.Deploy.0 = Release|Any CPU
		{D72DB7F3-A745-4DA2-8BE1-E8EB7E09C8AA}.Ad-Hoc|ARM.ActiveCfg = Release|ARM
		{D72DB7F3-A745-4DA2-8BE1-E8EB7E09C8AA}.Ad-Hoc|ARM.Build.0 = Release|ARM
		{D72DB7F3-A745-4DA2-8BE1-E8EB7E09C8AA}.Ad-Hoc|ARM.Deploy.0 = Release|ARM
		{D72DB7F3-A745-4DA2-8BE1-E8EB7E09C8AA}.Ad-Hoc|iPhone.ActiveCfg = Release|Any CPU
		{D72DB7F3-A745-4DA2-8BE1-E8EB7E09C8AA}.Ad-Hoc|iPhone.Build.0 = Release|Any CPU
		{D72DB7F3-A745-4DA2-8BE1-E8EB7E09C8AA}.Ad-Hoc|iPhone.Deploy.0 = Release|Any CPU
		{D72DB7F3-A745-4DA2-8BE1-E8EB7E09C8AA}.Ad-Hoc|iPhoneSimulator.ActiveCfg = Release|Any CPU
		{D72DB7F3-A745-4DA2-8BE1-E8EB7E09C8AA}.Ad-Hoc|iPhoneSimulator.Build.0 = Release|Any CPU
		{D72DB7F3-A745-4DA2-8BE1-E8EB7E09C8AA}.Ad-Hoc|iPhoneSimulator.Deploy.0 = Release|Any CPU
		{D72DB7F3-A745-4DA2-8BE1-E8EB7E09C8AA}.Ad-Hoc|x64.ActiveCfg = Release|Any CPU
		{D72DB7F3-A745-4DA2-8BE1-E8EB7E09C8AA}.Ad-Hoc|x64.Build.0 = Release|Any CPU
		{D72DB7F3-A745-4DA2-8BE1-E8EB7E09C8AA}.Ad-Hoc|x64.Deploy.0 = Release|Any CPU
		{D72DB7F3-A745-4DA2-8BE1-E8EB7E09C8AA}.Ad-Hoc|x86.ActiveCfg = Release|x86
		{D72DB7F3-A745-4DA2-8BE1-E8EB7E09C8AA}.Ad-Hoc|x86.Build.0 = Release|x86
		{D72DB7F3-A745-4DA2-8BE1-E8EB7E09C8AA}.Ad-Hoc|x86.Deploy.0 = Release|x86
		{D72DB7F3-A745-4DA2-8BE1-E8EB7E09C8AA}.AppStore|Any CPU.ActiveCfg = Release|Any CPU
		{D72DB7F3-A745-4DA2-8BE1-E8EB7E09C8AA}.AppStore|Any CPU.Build.0 = Release|Any CPU
		{D72DB7F3-A745-4DA2-8BE1-E8EB7E09C8AA}.AppStore|Any CPU.Deploy.0 = Release|Any CPU
		{D72DB7F3-A745-4DA2-8BE1-E8EB7E09C8AA}.AppStore|ARM.ActiveCfg = Release|ARM
		{D72DB7F3-A745-4DA2-8BE1-E8EB7E09C8AA}.AppStore|ARM.Build.0 = Release|ARM
		{D72DB7F3-A745-4DA2-8BE1-E8EB7E09C8AA}.AppStore|ARM.Deploy.0 = Release|ARM
		{D72DB7F3-A745-4DA2-8BE1-E8EB7E09C8AA}.AppStore|iPhone.ActiveCfg = Release|Any CPU
		{D72DB7F3-A745-4DA2-8BE1-E8EB7E09C8AA}.AppStore|iPhone.Build.0 = Release|Any CPU
		{D72DB7F3-A745-4DA2-8BE1-E8EB7E09C8AA}.AppStore|iPhone.Deploy.0 = Release|Any CPU
		{D72DB7F3-A745-4DA2-8BE1-E8EB7E09C8AA}.AppStore|iPhoneSimulator.ActiveCfg = Release|Any CPU
		{D72DB7F3-A745-4DA2-8BE1-E8EB7E09C8AA}.AppStore|iPhoneSimulator.Build.0 = Release|Any CPU
		{D72DB7F3-A745-4DA2-8BE1-E8EB7E09C8AA}.AppStore|iPhoneSimulator.Deploy.0 = Release|Any CPU
		{D72DB7F3-A745-4DA2-8BE1-E8EB7E09C8AA}.AppStore|x64.ActiveCfg = Release|Any CPU
		{D72DB7F3-A745-4DA2-8BE1-E8EB7E09C8AA}.AppStore|x64.Build.0 = Release|Any CPU
		{D72DB7F3-A745-4DA2-8BE1-E8EB7E09C8AA}.AppStore|x64.Deploy.0 = Release|Any CPU
		{D72DB7F3-A745-4DA2-8BE1-E8EB7E09C8AA}.AppStore|x86.ActiveCfg = Release|x86
		{D72DB7F3-A745-4DA2-8BE1-E8EB7E09C8AA}.AppStore|x86.Build.0 = Release|x86
		{D72DB7F3-A745-4DA2-8BE1-E8EB7E09C8AA}.AppStore|x86.Deploy.0 = Release|x86
		{D72DB7F3-A745-4DA2-8BE1-E8EB7E09C8AA}.Debug|Any CPU.ActiveCfg = Debug|Any CPU
		{D72DB7F3-A745-4DA2-8BE1-E8EB7E09C8AA}.Debug|Any CPU.Build.0 = Debug|Any CPU
		{D72DB7F3-A745-4DA2-8BE1-E8EB7E09C8AA}.Debug|Any CPU.Deploy.0 = Debug|Any CPU
		{D72DB7F3-A745-4DA2-8BE1-E8EB7E09C8AA}.Debug|ARM.ActiveCfg = Debug|ARM
		{D72DB7F3-A745-4DA2-8BE1-E8EB7E09C8AA}.Debug|ARM.Build.0 = Debug|ARM
		{D72DB7F3-A745-4DA2-8BE1-E8EB7E09C8AA}.Debug|ARM.Deploy.0 = Debug|ARM
		{D72DB7F3-A745-4DA2-8BE1-E8EB7E09C8AA}.Debug|iPhone.ActiveCfg = Debug|Any CPU
		{D72DB7F3-A745-4DA2-8BE1-E8EB7E09C8AA}.Debug|iPhone.Build.0 = Debug|Any CPU
		{D72DB7F3-A745-4DA2-8BE1-E8EB7E09C8AA}.Debug|iPhone.Deploy.0 = Debug|Any CPU
		{D72DB7F3-A745-4DA2-8BE1-E8EB7E09C8AA}.Debug|iPhoneSimulator.ActiveCfg = Debug|Any CPU
		{D72DB7F3-A745-4DA2-8BE1-E8EB7E09C8AA}.Debug|iPhoneSimulator.Build.0 = Debug|Any CPU
		{D72DB7F3-A745-4DA2-8BE1-E8EB7E09C8AA}.Debug|iPhoneSimulator.Deploy.0 = Debug|Any CPU
		{D72DB7F3-A745-4DA2-8BE1-E8EB7E09C8AA}.Debug|x64.ActiveCfg = Debug|Any CPU
		{D72DB7F3-A745-4DA2-8BE1-E8EB7E09C8AA}.Debug|x64.Build.0 = Debug|Any CPU
		{D72DB7F3-A745-4DA2-8BE1-E8EB7E09C8AA}.Debug|x64.Deploy.0 = Debug|Any CPU
		{D72DB7F3-A745-4DA2-8BE1-E8EB7E09C8AA}.Debug|x86.ActiveCfg = Debug|x86
		{D72DB7F3-A745-4DA2-8BE1-E8EB7E09C8AA}.Debug|x86.Build.0 = Debug|x86
		{D72DB7F3-A745-4DA2-8BE1-E8EB7E09C8AA}.Debug|x86.Deploy.0 = Debug|x86
		{D72DB7F3-A745-4DA2-8BE1-E8EB7E09C8AA}.Release|Any CPU.ActiveCfg = Release|Any CPU
		{D72DB7F3-A745-4DA2-8BE1-E8EB7E09C8AA}.Release|Any CPU.Build.0 = Release|Any CPU
		{D72DB7F3-A745-4DA2-8BE1-E8EB7E09C8AA}.Release|Any CPU.Deploy.0 = Release|Any CPU
		{D72DB7F3-A745-4DA2-8BE1-E8EB7E09C8AA}.Release|ARM.ActiveCfg = Release|ARM
		{D72DB7F3-A745-4DA2-8BE1-E8EB7E09C8AA}.Release|ARM.Build.0 = Release|ARM
		{D72DB7F3-A745-4DA2-8BE1-E8EB7E09C8AA}.Release|ARM.Deploy.0 = Release|ARM
		{D72DB7F3-A745-4DA2-8BE1-E8EB7E09C8AA}.Release|iPhone.ActiveCfg = Release|Any CPU
		{D72DB7F3-A745-4DA2-8BE1-E8EB7E09C8AA}.Release|iPhone.Build.0 = Release|Any CPU
		{D72DB7F3-A745-4DA2-8BE1-E8EB7E09C8AA}.Release|iPhone.Deploy.0 = Release|Any CPU
		{D72DB7F3-A745-4DA2-8BE1-E8EB7E09C8AA}.Release|iPhoneSimulator.ActiveCfg = Release|Any CPU
		{D72DB7F3-A745-4DA2-8BE1-E8EB7E09C8AA}.Release|iPhoneSimulator.Build.0 = Release|Any CPU
		{D72DB7F3-A745-4DA2-8BE1-E8EB7E09C8AA}.Release|iPhoneSimulator.Deploy.0 = Release|Any CPU
		{D72DB7F3-A745-4DA2-8BE1-E8EB7E09C8AA}.Release|x64.ActiveCfg = Release|Any CPU
		{D72DB7F3-A745-4DA2-8BE1-E8EB7E09C8AA}.Release|x64.Build.0 = Release|Any CPU
		{D72DB7F3-A745-4DA2-8BE1-E8EB7E09C8AA}.Release|x64.Deploy.0 = Release|Any CPU
		{D72DB7F3-A745-4DA2-8BE1-E8EB7E09C8AA}.Release|x86.ActiveCfg = Release|x86
		{D72DB7F3-A745-4DA2-8BE1-E8EB7E09C8AA}.Release|x86.Build.0 = Release|x86
		{D72DB7F3-A745-4DA2-8BE1-E8EB7E09C8AA}.Release|x86.Deploy.0 = Release|x86
		{2DED9958-A2BA-48EA-B795-0B2F6E37DDDB}.Ad-Hoc|Any CPU.ActiveCfg = Release|x86
		{2DED9958-A2BA-48EA-B795-0B2F6E37DDDB}.Ad-Hoc|Any CPU.Build.0 = Release|x86
		{2DED9958-A2BA-48EA-B795-0B2F6E37DDDB}.Ad-Hoc|Any CPU.Deploy.0 = Release|x86
		{2DED9958-A2BA-48EA-B795-0B2F6E37DDDB}.Ad-Hoc|ARM.ActiveCfg = Release|ARM
		{2DED9958-A2BA-48EA-B795-0B2F6E37DDDB}.Ad-Hoc|ARM.Build.0 = Release|ARM
		{2DED9958-A2BA-48EA-B795-0B2F6E37DDDB}.Ad-Hoc|ARM.Deploy.0 = Release|ARM
		{2DED9958-A2BA-48EA-B795-0B2F6E37DDDB}.Ad-Hoc|iPhone.ActiveCfg = Release|x86
		{2DED9958-A2BA-48EA-B795-0B2F6E37DDDB}.Ad-Hoc|iPhone.Build.0 = Release|x86
		{2DED9958-A2BA-48EA-B795-0B2F6E37DDDB}.Ad-Hoc|iPhone.Deploy.0 = Release|x86
		{2DED9958-A2BA-48EA-B795-0B2F6E37DDDB}.Ad-Hoc|iPhoneSimulator.ActiveCfg = Release|x86
		{2DED9958-A2BA-48EA-B795-0B2F6E37DDDB}.Ad-Hoc|iPhoneSimulator.Build.0 = Release|x86
		{2DED9958-A2BA-48EA-B795-0B2F6E37DDDB}.Ad-Hoc|iPhoneSimulator.Deploy.0 = Release|x86
		{2DED9958-A2BA-48EA-B795-0B2F6E37DDDB}.Ad-Hoc|x64.ActiveCfg = Release|x64
		{2DED9958-A2BA-48EA-B795-0B2F6E37DDDB}.Ad-Hoc|x64.Build.0 = Release|x64
		{2DED9958-A2BA-48EA-B795-0B2F6E37DDDB}.Ad-Hoc|x64.Deploy.0 = Release|x64
		{2DED9958-A2BA-48EA-B795-0B2F6E37DDDB}.Ad-Hoc|x86.ActiveCfg = Release|x86
		{2DED9958-A2BA-48EA-B795-0B2F6E37DDDB}.Ad-Hoc|x86.Build.0 = Release|x86
		{2DED9958-A2BA-48EA-B795-0B2F6E37DDDB}.Ad-Hoc|x86.Deploy.0 = Release|x86
		{2DED9958-A2BA-48EA-B795-0B2F6E37DDDB}.AppStore|Any CPU.ActiveCfg = Release|x86
		{2DED9958-A2BA-48EA-B795-0B2F6E37DDDB}.AppStore|Any CPU.Build.0 = Release|x86
		{2DED9958-A2BA-48EA-B795-0B2F6E37DDDB}.AppStore|Any CPU.Deploy.0 = Release|x86
		{2DED9958-A2BA-48EA-B795-0B2F6E37DDDB}.AppStore|ARM.ActiveCfg = Release|ARM
		{2DED9958-A2BA-48EA-B795-0B2F6E37DDDB}.AppStore|ARM.Build.0 = Release|ARM
		{2DED9958-A2BA-48EA-B795-0B2F6E37DDDB}.AppStore|ARM.Deploy.0 = Release|ARM
		{2DED9958-A2BA-48EA-B795-0B2F6E37DDDB}.AppStore|iPhone.ActiveCfg = Release|x86
		{2DED9958-A2BA-48EA-B795-0B2F6E37DDDB}.AppStore|iPhone.Build.0 = Release|x86
		{2DED9958-A2BA-48EA-B795-0B2F6E37DDDB}.AppStore|iPhone.Deploy.0 = Release|x86
		{2DED9958-A2BA-48EA-B795-0B2F6E37DDDB}.AppStore|iPhoneSimulator.ActiveCfg = Release|x86
		{2DED9958-A2BA-48EA-B795-0B2F6E37DDDB}.AppStore|iPhoneSimulator.Build.0 = Release|x86
		{2DED9958-A2BA-48EA-B795-0B2F6E37DDDB}.AppStore|iPhoneSimulator.Deploy.0 = Release|x86
		{2DED9958-A2BA-48EA-B795-0B2F6E37DDDB}.AppStore|x64.ActiveCfg = Release|x64
		{2DED9958-A2BA-48EA-B795-0B2F6E37DDDB}.AppStore|x64.Build.0 = Release|x64
		{2DED9958-A2BA-48EA-B795-0B2F6E37DDDB}.AppStore|x64.Deploy.0 = Release|x64
		{2DED9958-A2BA-48EA-B795-0B2F6E37DDDB}.AppStore|x86.ActiveCfg = Release|x86
		{2DED9958-A2BA-48EA-B795-0B2F6E37DDDB}.AppStore|x86.Build.0 = Release|x86
		{2DED9958-A2BA-48EA-B795-0B2F6E37DDDB}.AppStore|x86.Deploy.0 = Release|x86
		{2DED9958-A2BA-48EA-B795-0B2F6E37DDDB}.Debug|Any CPU.ActiveCfg = Debug|x86
		{2DED9958-A2BA-48EA-B795-0B2F6E37DDDB}.Debug|ARM.ActiveCfg = Debug|ARM
		{2DED9958-A2BA-48EA-B795-0B2F6E37DDDB}.Debug|ARM.Build.0 = Debug|ARM
		{2DED9958-A2BA-48EA-B795-0B2F6E37DDDB}.Debug|ARM.Deploy.0 = Debug|ARM
		{2DED9958-A2BA-48EA-B795-0B2F6E37DDDB}.Debug|iPhone.ActiveCfg = Debug|x86
		{2DED9958-A2BA-48EA-B795-0B2F6E37DDDB}.Debug|iPhoneSimulator.ActiveCfg = Debug|x86
		{2DED9958-A2BA-48EA-B795-0B2F6E37DDDB}.Debug|x64.ActiveCfg = Debug|x64
		{2DED9958-A2BA-48EA-B795-0B2F6E37DDDB}.Debug|x64.Build.0 = Debug|x64
		{2DED9958-A2BA-48EA-B795-0B2F6E37DDDB}.Debug|x64.Deploy.0 = Debug|x64
		{2DED9958-A2BA-48EA-B795-0B2F6E37DDDB}.Debug|x86.ActiveCfg = Debug|x86
		{2DED9958-A2BA-48EA-B795-0B2F6E37DDDB}.Debug|x86.Build.0 = Debug|x86
		{2DED9958-A2BA-48EA-B795-0B2F6E37DDDB}.Debug|x86.Deploy.0 = Debug|x86
		{2DED9958-A2BA-48EA-B795-0B2F6E37DDDB}.Release|Any CPU.ActiveCfg = Release|x86
		{2DED9958-A2BA-48EA-B795-0B2F6E37DDDB}.Release|ARM.ActiveCfg = Release|ARM
		{2DED9958-A2BA-48EA-B795-0B2F6E37DDDB}.Release|ARM.Build.0 = Release|ARM
		{2DED9958-A2BA-48EA-B795-0B2F6E37DDDB}.Release|ARM.Deploy.0 = Release|ARM
		{2DED9958-A2BA-48EA-B795-0B2F6E37DDDB}.Release|iPhone.ActiveCfg = Release|x86
		{2DED9958-A2BA-48EA-B795-0B2F6E37DDDB}.Release|iPhoneSimulator.ActiveCfg = Release|x86
		{2DED9958-A2BA-48EA-B795-0B2F6E37DDDB}.Release|x64.ActiveCfg = Release|x64
		{2DED9958-A2BA-48EA-B795-0B2F6E37DDDB}.Release|x64.Build.0 = Release|x64
		{2DED9958-A2BA-48EA-B795-0B2F6E37DDDB}.Release|x64.Deploy.0 = Release|x64
		{2DED9958-A2BA-48EA-B795-0B2F6E37DDDB}.Release|x86.ActiveCfg = Release|x86
		{2DED9958-A2BA-48EA-B795-0B2F6E37DDDB}.Release|x86.Build.0 = Release|x86
		{2DED9958-A2BA-48EA-B795-0B2F6E37DDDB}.Release|x86.Deploy.0 = Release|x86
		{F4F68553-221A-4EAD-9FE2-F3CBA8D936EE}.Ad-Hoc|Any CPU.ActiveCfg = Release|Any CPU
		{F4F68553-221A-4EAD-9FE2-F3CBA8D936EE}.Ad-Hoc|Any CPU.Build.0 = Release|Any CPU
		{F4F68553-221A-4EAD-9FE2-F3CBA8D936EE}.Ad-Hoc|Any CPU.Deploy.0 = Release|Any CPU
		{F4F68553-221A-4EAD-9FE2-F3CBA8D936EE}.Ad-Hoc|ARM.ActiveCfg = Release|ARM
		{F4F68553-221A-4EAD-9FE2-F3CBA8D936EE}.Ad-Hoc|ARM.Build.0 = Release|ARM
		{F4F68553-221A-4EAD-9FE2-F3CBA8D936EE}.Ad-Hoc|ARM.Deploy.0 = Release|ARM
		{F4F68553-221A-4EAD-9FE2-F3CBA8D936EE}.Ad-Hoc|iPhone.ActiveCfg = Release|Any CPU
		{F4F68553-221A-4EAD-9FE2-F3CBA8D936EE}.Ad-Hoc|iPhone.Build.0 = Release|Any CPU
		{F4F68553-221A-4EAD-9FE2-F3CBA8D936EE}.Ad-Hoc|iPhone.Deploy.0 = Release|Any CPU
		{F4F68553-221A-4EAD-9FE2-F3CBA8D936EE}.Ad-Hoc|iPhoneSimulator.ActiveCfg = Release|Any CPU
		{F4F68553-221A-4EAD-9FE2-F3CBA8D936EE}.Ad-Hoc|iPhoneSimulator.Build.0 = Release|Any CPU
		{F4F68553-221A-4EAD-9FE2-F3CBA8D936EE}.Ad-Hoc|iPhoneSimulator.Deploy.0 = Release|Any CPU
		{F4F68553-221A-4EAD-9FE2-F3CBA8D936EE}.Ad-Hoc|x64.ActiveCfg = Release|x64
		{F4F68553-221A-4EAD-9FE2-F3CBA8D936EE}.Ad-Hoc|x64.Build.0 = Release|x64
		{F4F68553-221A-4EAD-9FE2-F3CBA8D936EE}.Ad-Hoc|x64.Deploy.0 = Release|x64
		{F4F68553-221A-4EAD-9FE2-F3CBA8D936EE}.Ad-Hoc|x86.ActiveCfg = Release|x86
		{F4F68553-221A-4EAD-9FE2-F3CBA8D936EE}.Ad-Hoc|x86.Build.0 = Release|x86
		{F4F68553-221A-4EAD-9FE2-F3CBA8D936EE}.Ad-Hoc|x86.Deploy.0 = Release|x86
		{F4F68553-221A-4EAD-9FE2-F3CBA8D936EE}.AppStore|Any CPU.ActiveCfg = Release|Any CPU
		{F4F68553-221A-4EAD-9FE2-F3CBA8D936EE}.AppStore|Any CPU.Build.0 = Release|Any CPU
		{F4F68553-221A-4EAD-9FE2-F3CBA8D936EE}.AppStore|Any CPU.Deploy.0 = Release|Any CPU
		{F4F68553-221A-4EAD-9FE2-F3CBA8D936EE}.AppStore|ARM.ActiveCfg = Release|ARM
		{F4F68553-221A-4EAD-9FE2-F3CBA8D936EE}.AppStore|ARM.Build.0 = Release|ARM
		{F4F68553-221A-4EAD-9FE2-F3CBA8D936EE}.AppStore|ARM.Deploy.0 = Release|ARM
		{F4F68553-221A-4EAD-9FE2-F3CBA8D936EE}.AppStore|iPhone.ActiveCfg = Release|Any CPU
		{F4F68553-221A-4EAD-9FE2-F3CBA8D936EE}.AppStore|iPhone.Build.0 = Release|Any CPU
		{F4F68553-221A-4EAD-9FE2-F3CBA8D936EE}.AppStore|iPhone.Deploy.0 = Release|Any CPU
		{F4F68553-221A-4EAD-9FE2-F3CBA8D936EE}.AppStore|iPhoneSimulator.ActiveCfg = Release|Any CPU
		{F4F68553-221A-4EAD-9FE2-F3CBA8D936EE}.AppStore|iPhoneSimulator.Build.0 = Release|Any CPU
		{F4F68553-221A-4EAD-9FE2-F3CBA8D936EE}.AppStore|iPhoneSimulator.Deploy.0 = Release|Any CPU
		{F4F68553-221A-4EAD-9FE2-F3CBA8D936EE}.AppStore|x64.ActiveCfg = Release|x64
		{F4F68553-221A-4EAD-9FE2-F3CBA8D936EE}.AppStore|x64.Build.0 = Release|x64
		{F4F68553-221A-4EAD-9FE2-F3CBA8D936EE}.AppStore|x64.Deploy.0 = Release|x64
		{F4F68553-221A-4EAD-9FE2-F3CBA8D936EE}.AppStore|x86.ActiveCfg = Release|x86
		{F4F68553-221A-4EAD-9FE2-F3CBA8D936EE}.AppStore|x86.Build.0 = Release|x86
		{F4F68553-221A-4EAD-9FE2-F3CBA8D936EE}.AppStore|x86.Deploy.0 = Release|x86
		{F4F68553-221A-4EAD-9FE2-F3CBA8D936EE}.Debug|Any CPU.ActiveCfg = Debug|Any CPU
		{F4F68553-221A-4EAD-9FE2-F3CBA8D936EE}.Debug|Any CPU.Build.0 = Debug|Any CPU
		{F4F68553-221A-4EAD-9FE2-F3CBA8D936EE}.Debug|Any CPU.Deploy.0 = Debug|Any CPU
		{F4F68553-221A-4EAD-9FE2-F3CBA8D936EE}.Debug|ARM.ActiveCfg = Debug|ARM
		{F4F68553-221A-4EAD-9FE2-F3CBA8D936EE}.Debug|ARM.Build.0 = Debug|ARM
		{F4F68553-221A-4EAD-9FE2-F3CBA8D936EE}.Debug|ARM.Deploy.0 = Debug|ARM
		{F4F68553-221A-4EAD-9FE2-F3CBA8D936EE}.Debug|iPhone.ActiveCfg = Debug|Any CPU
		{F4F68553-221A-4EAD-9FE2-F3CBA8D936EE}.Debug|iPhone.Build.0 = Debug|Any CPU
		{F4F68553-221A-4EAD-9FE2-F3CBA8D936EE}.Debug|iPhone.Deploy.0 = Debug|Any CPU
		{F4F68553-221A-4EAD-9FE2-F3CBA8D936EE}.Debug|iPhoneSimulator.ActiveCfg = Debug|Any CPU
		{F4F68553-221A-4EAD-9FE2-F3CBA8D936EE}.Debug|iPhoneSimulator.Build.0 = Debug|Any CPU
		{F4F68553-221A-4EAD-9FE2-F3CBA8D936EE}.Debug|iPhoneSimulator.Deploy.0 = Debug|Any CPU
		{F4F68553-221A-4EAD-9FE2-F3CBA8D936EE}.Debug|x64.ActiveCfg = Debug|x64
		{F4F68553-221A-4EAD-9FE2-F3CBA8D936EE}.Debug|x64.Build.0 = Debug|x64
		{F4F68553-221A-4EAD-9FE2-F3CBA8D936EE}.Debug|x64.Deploy.0 = Debug|x64
		{F4F68553-221A-4EAD-9FE2-F3CBA8D936EE}.Debug|x86.ActiveCfg = Debug|x86
		{F4F68553-221A-4EAD-9FE2-F3CBA8D936EE}.Debug|x86.Build.0 = Debug|x86
		{F4F68553-221A-4EAD-9FE2-F3CBA8D936EE}.Debug|x86.Deploy.0 = Debug|x86
		{F4F68553-221A-4EAD-9FE2-F3CBA8D936EE}.Release|Any CPU.ActiveCfg = Release|Any CPU
		{F4F68553-221A-4EAD-9FE2-F3CBA8D936EE}.Release|Any CPU.Build.0 = Release|Any CPU
		{F4F68553-221A-4EAD-9FE2-F3CBA8D936EE}.Release|Any CPU.Deploy.0 = Release|Any CPU
		{F4F68553-221A-4EAD-9FE2-F3CBA8D936EE}.Release|ARM.ActiveCfg = Release|ARM
		{F4F68553-221A-4EAD-9FE2-F3CBA8D936EE}.Release|ARM.Build.0 = Release|ARM
		{F4F68553-221A-4EAD-9FE2-F3CBA8D936EE}.Release|ARM.Deploy.0 = Release|ARM
		{F4F68553-221A-4EAD-9FE2-F3CBA8D936EE}.Release|iPhone.ActiveCfg = Release|Any CPU
		{F4F68553-221A-4EAD-9FE2-F3CBA8D936EE}.Release|iPhone.Build.0 = Release|Any CPU
		{F4F68553-221A-4EAD-9FE2-F3CBA8D936EE}.Release|iPhone.Deploy.0 = Release|Any CPU
		{F4F68553-221A-4EAD-9FE2-F3CBA8D936EE}.Release|iPhoneSimulator.ActiveCfg = Release|Any CPU
		{F4F68553-221A-4EAD-9FE2-F3CBA8D936EE}.Release|iPhoneSimulator.Build.0 = Release|Any CPU
		{F4F68553-221A-4EAD-9FE2-F3CBA8D936EE}.Release|iPhoneSimulator.Deploy.0 = Release|Any CPU
		{F4F68553-221A-4EAD-9FE2-F3CBA8D936EE}.Release|x64.ActiveCfg = Release|x64
		{F4F68553-221A-4EAD-9FE2-F3CBA8D936EE}.Release|x64.Build.0 = Release|x64
		{F4F68553-221A-4EAD-9FE2-F3CBA8D936EE}.Release|x64.Deploy.0 = Release|x64
		{F4F68553-221A-4EAD-9FE2-F3CBA8D936EE}.Release|x86.ActiveCfg = Release|x86
		{F4F68553-221A-4EAD-9FE2-F3CBA8D936EE}.Release|x86.Build.0 = Release|x86
		{F4F68553-221A-4EAD-9FE2-F3CBA8D936EE}.Release|x86.Deploy.0 = Release|x86
	EndGlobalSection
	GlobalSection(SolutionProperties) = preSolution
		HideSolutionNode = FALSE
	EndGlobalSection
EndGlobal
